{
    "version": 3,
    "terraform_version": "0.11.8",
    "serial": 8,
    "lineage": "5cd1328b-b642-feba-2684-ae9080d33488",
    "modules": [
        {
            "path": [
                "root"
            ],
            "outputs": {
                "dns": {
                    "sensitive": false,
                    "type": "string",
                    "value": "ig2018pnwrider.eastus2.azurecontainer.io"
                }
            },
            "resources": {
                "azurerm_container_group.ghost": {
                    "type": "azurerm_container_group",
                    "depends_on": [
                        "azurerm_resource_group.ig2018-rg"
                    ],
                    "primary": {
                        "id": "/subscriptions/159f2485-ef68-428f-a04b-4339d9503d67/resourceGroups/ig2018pnwrider/providers/Microsoft.ContainerInstance/containerGroups/ghost",
                        "attributes": {
                            "container.#": "2",
                            "container.0.command": "",
                            "container.0.commands.#": "0",
                            "container.0.cpu": "0.5",
                            "container.0.environment_variables.%": "0",
                            "container.0.image": "ghost:alpine",
                            "container.0.memory": "1",
                            "container.0.name": "ghost-blog",
                            "container.0.port": "2368",
                            "container.0.protocol": "",
                            "container.0.volume.#": "0",
                            "container.1.command": "",
                            "container.1.commands.#": "0",
                            "container.1.cpu": "0.5",
                            "container.1.environment_variables.%": "0",
                            "container.1.image": "grayzu/envoyproxy-sidecar",
                            "container.1.memory": "1",
                            "container.1.name": "sidecar",
                            "container.1.port": "80",
                            "container.1.protocol": "",
                            "container.1.volume.#": "0",
                            "dns_name_label": "ig2018pnwrider",
                            "fqdn": "ig2018pnwrider.eastus2.azurecontainer.io",
                            "id": "/subscriptions/159f2485-ef68-428f-a04b-4339d9503d67/resourceGroups/ig2018pnwrider/providers/Microsoft.ContainerInstance/containerGroups/ghost",
                            "image_registry_credential.#": "0",
                            "ip_address": "40.70.129.48",
                            "ip_address_type": "Public",
                            "location": "eastus2",
                            "name": "ghost",
                            "os_type": "Linux",
                            "resource_group_name": "ig2018pnwrider",
                            "restart_policy": "Always",
                            "tags.%": "3",
                            "tags.app": "Ghost",
                            "tags.cloud": "Azure",
                            "tags.env": "Demo"
                        },
                        "meta": {},
                        "tainted": false
                    },
                    "deposed": [],
                    "provider": "provider.azurerm"
                },
                "azurerm_resource_group.ig2018-rg": {
                    "type": "azurerm_resource_group",
                    "depends_on": [],
                    "primary": {
                        "id": "/subscriptions/159f2485-ef68-428f-a04b-4339d9503d67/resourceGroups/ig2018pnwrider",
                        "attributes": {
                            "id": "/subscriptions/159f2485-ef68-428f-a04b-4339d9503d67/resourceGroups/ig2018pnwrider",
                            "location": "eastus2",
                            "name": "ig2018pnwrider",
                            "tags.%": "3",
                            "tags.app": "Ghost",
                            "tags.cloud": "Azure",
                            "tags.env": "Demo"
                        },
                        "meta": {},
                        "tainted": false
                    },
                    "deposed": [],
                    "provider": "provider.azurerm"
                }
            },
            "depends_on": []
        }
    ]
}
